// !$*UTF8*$!
{
	archiveVersion = 1;
	classes = {
	};
	objectVersion = 55;
	objects = {

/* Begin PBXBuildFile section */
		574293502BAA1E240047EBB1 /* AppDelegate.swift in Sources */ = {isa = PBXBuildFile; fileRef = 5742934F2BAA1E240047EBB1 /* AppDelegate.swift */; };
		574293522BAA1E240047EBB1 /* SceneDelegate.swift in Sources */ = {isa = PBXBuildFile; fileRef = 574293512BAA1E240047EBB1 /* SceneDelegate.swift */; };
		574293592BAA1E260047EBB1 /* Assets.xcassets in Resources */ = {isa = PBXBuildFile; fileRef = 574293582BAA1E260047EBB1 /* Assets.xcassets */; };
		5742935C2BAA1E260047EBB1 /* LaunchScreen.storyboard in Resources */ = {isa = PBXBuildFile; fileRef = 5742935A2BAA1E260047EBB1 /* LaunchScreen.storyboard */; };
		574293672BAA1E260047EBB1 /* SearchFromAListOfCountriesTests.swift in Sources */ = {isa = PBXBuildFile; fileRef = 574293662BAA1E260047EBB1 /* SearchFromAListOfCountriesTests.swift */; };
		574293712BAA1E260047EBB1 /* SearchFromAListOfCountriesUITests.swift in Sources */ = {isa = PBXBuildFile; fileRef = 574293702BAA1E260047EBB1 /* SearchFromAListOfCountriesUITests.swift */; };
		574293732BAA1E260047EBB1 /* SearchFromAListOfCountriesUITestsLaunchTests.swift in Sources */ = {isa = PBXBuildFile; fileRef = 574293722BAA1E260047EBB1 /* SearchFromAListOfCountriesUITestsLaunchTests.swift */; };
		574293852BAA1F590047EBB1 /* CountriesViewController.swift in Sources */ = {isa = PBXBuildFile; fileRef = 574293842BAA1F590047EBB1 /* CountriesViewController.swift */; };
		574293872BAA20820047EBB1 /* Country.swift in Sources */ = {isa = PBXBuildFile; fileRef = 574293862BAA20820047EBB1 /* Country.swift */; };
		574293892BAA21050047EBB1 /* Environment.swift in Sources */ = {isa = PBXBuildFile; fileRef = 574293882BAA21050047EBB1 /* Environment.swift */; };
		5742938B2BAA21100047EBB1 /* NetworkManager.swift in Sources */ = {isa = PBXBuildFile; fileRef = 5742938A2BAA21100047EBB1 /* NetworkManager.swift */; };
		5742938D2BAA22020047EBB1 /* NetworkError.swift in Sources */ = {isa = PBXBuildFile; fileRef = 5742938C2BAA22020047EBB1 /* NetworkError.swift */; };
		5742938F2BAA24D10047EBB1 /* CountriesViewModel.swift in Sources */ = {isa = PBXBuildFile; fileRef = 5742938E2BAA24D10047EBB1 /* CountriesViewModel.swift */; };
		574293912BAA2F370047EBB1 /* CountryViewCell.swift in Sources */ = {isa = PBXBuildFile; fileRef = 574293902BAA2F370047EBB1 /* CountryViewCell.swift */; };
		574293942BAA30360047EBB1 /* UIViewExtension.swift in Sources */ = {isa = PBXBuildFile; fileRef = 574293932BAA30360047EBB1 /* UIViewExtension.swift */; };
/* End PBXBuildFile section */

/* Begin PBXContainerItemProxy section */
		574293632BAA1E260047EBB1 /* PBXContainerItemProxy */ = {
			isa = PBXContainerItemProxy;
			containerPortal = 574293442BAA1E240047EBB1 /* Project object */;
			proxyType = 1;
			remoteGlobalIDString = 5742934B2BAA1E240047EBB1;
			remoteInfo = WalmartCountries;
		};
		5742936D2BAA1E260047EBB1 /* PBXContainerItemProxy */ = {
			isa = PBXContainerItemProxy;
			containerPortal = 574293442BAA1E240047EBB1 /* Project object */;
			proxyType = 1;
			remoteGlobalIDString = 5742934B2BAA1E240047EBB1;
			remoteInfo = WalmartCountries;
		};
/* End PBXContainerItemProxy section */

/* Begin PBXFileReference section */
		5742934C2BAA1E240047EBB1 /* WalmartCountries.app */ = {isa = PBXFileReference; explicitFileType = wrapper.application; includeInIndex = 0; path = WalmartCountries.app; sourceTree = BUILT_PRODUCTS_DIR; };
		5742934F2BAA1E240047EBB1 /* AppDelegate.swift */ = {isa = PBXFileReference; lastKnownFileType = sourcecode.swift; path = AppDelegate.swift; sourceTree = "<group>"; };
		574293512BAA1E240047EBB1 /* SceneDelegate.swift */ = {isa = PBXFileReference; lastKnownFileType = sourcecode.swift; path = SceneDelegate.swift; sourceTree = "<group>"; };
		574293582BAA1E260047EBB1 /* Assets.xcassets */ = {isa = PBXFileReference; lastKnownFileType = folder.assetcatalog; path = Assets.xcassets; sourceTree = "<group>"; };
		5742935B2BAA1E260047EBB1 /* Base */ = {isa = PBXFileReference; lastKnownFileType = file.storyboard; name = Base; path = Base.lproj/LaunchScreen.storyboard; sourceTree = "<group>"; };
		5742935D2BAA1E260047EBB1 /* Info.plist */ = {isa = PBXFileReference; lastKnownFileType = text.plist.xml; path = Info.plist; sourceTree = "<group>"; };
		574293622BAA1E260047EBB1 /* WalmartCountriesTests.xctest */ = {isa = PBXFileReference; explicitFileType = wrapper.cfbundle; includeInIndex = 0; path = WalmartCountriesTests.xctest; sourceTree = BUILT_PRODUCTS_DIR; };
		574293662BAA1E260047EBB1 /* SearchFromAListOfCountriesTests.swift */ = {isa = PBXFileReference; lastKnownFileType = sourcecode.swift; path = SearchFromAListOfCountriesTests.swift; sourceTree = "<group>"; };
		5742936C2BAA1E260047EBB1 /* WalmartCountriesUITests.xctest */ = {isa = PBXFileReference; explicitFileType = wrapper.cfbundle; includeInIndex = 0; path = WalmartCountriesUITests.xctest; sourceTree = BUILT_PRODUCTS_DIR; };
		574293702BAA1E260047EBB1 /* SearchFromAListOfCountriesUITests.swift */ = {isa = PBXFileReference; lastKnownFileType = sourcecode.swift; path = SearchFromAListOfCountriesUITests.swift; sourceTree = "<group>"; };
		574293722BAA1E260047EBB1 /* SearchFromAListOfCountriesUITestsLaunchTests.swift */ = {isa = PBXFileReference; lastKnownFileType = sourcecode.swift; path = SearchFromAListOfCountriesUITestsLaunchTests.swift; sourceTree = "<group>"; };
		574293842BAA1F590047EBB1 /* CountriesViewController.swift */ = {isa = PBXFileReference; lastKnownFileType = sourcecode.swift; path = CountriesViewController.swift; sourceTree = "<group>"; };
		574293862BAA20820047EBB1 /* Country.swift */ = {isa = PBXFileReference; lastKnownFileType = sourcecode.swift; path = Country.swift; sourceTree = "<group>"; };
		574293882BAA21050047EBB1 /* Environment.swift */ = {isa = PBXFileReference; lastKnownFileType = sourcecode.swift; path = Environment.swift; sourceTree = "<group>"; };
		5742938A2BAA21100047EBB1 /* NetworkManager.swift */ = {isa = PBXFileReference; lastKnownFileType = sourcecode.swift; path = NetworkManager.swift; sourceTree = "<group>"; };
		5742938C2BAA22020047EBB1 /* NetworkError.swift */ = {isa = PBXFileReference; lastKnownFileType = sourcecode.swift; path = NetworkError.swift; sourceTree = "<group>"; };
		5742938E2BAA24D10047EBB1 /* CountriesViewModel.swift */ = {isa = PBXFileReference; lastKnownFileType = sourcecode.swift; path = CountriesViewModel.swift; sourceTree = "<group>"; };
		574293902BAA2F370047EBB1 /* CountryViewCell.swift */ = {isa = PBXFileReference; lastKnownFileType = sourcecode.swift; path = CountryViewCell.swift; sourceTree = "<group>"; };
		574293932BAA30360047EBB1 /* UIViewExtension.swift */ = {isa = PBXFileReference; lastKnownFileType = sourcecode.swift; path = UIViewExtension.swift; sourceTree = "<group>"; };
/* End PBXFileReference section */

/* Begin PBXFrameworksBuildPhase section */
		574293492BAA1E240047EBB1 /* Frameworks */ = {
			isa = PBXFrameworksBuildPhase;
			buildActionMask = 2147483647;
			files = (
			);
			runOnlyForDeploymentPostprocessing = 0;
		};
		5742935F2BAA1E260047EBB1 /* Frameworks */ = {
			isa = PBXFrameworksBuildPhase;
			buildActionMask = 2147483647;
			files = (
			);
			runOnlyForDeploymentPostprocessing = 0;
		};
		574293692BAA1E260047EBB1 /* Frameworks */ = {
			isa = PBXFrameworksBuildPhase;
			buildActionMask = 2147483647;
			files = (
			);
			runOnlyForDeploymentPostprocessing = 0;
		};
/* End PBXFrameworksBuildPhase section */

/* Begin PBXGroup section */
		574293432BAA1E240047EBB1 = {
			isa = PBXGroup;
			children = (
				5742934E2BAA1E240047EBB1 /* SearchFromAListOfCountries */,
				574293652BAA1E260047EBB1 /* SearchFromAListOfCountriesTests */,
				5742936F2BAA1E260047EBB1 /* SearchFromAListOfCountriesUITests */,
				5742934D2BAA1E240047EBB1 /* Products */,
			);
			sourceTree = "<group>";
		};
		5742934D2BAA1E240047EBB1 /* Products */ = {
			isa = PBXGroup;
			children = (
				5742934C2BAA1E240047EBB1 /* WalmartCountries.app */,
				574293622BAA1E260047EBB1 /* WalmartCountriesTests.xctest */,
				5742936C2BAA1E260047EBB1 /* WalmartCountriesUITests.xctest */,
			);
			name = Products;
			sourceTree = "<group>";
		};
		5742934E2BAA1E240047EBB1 /* SearchFromAListOfCountries */ = {
			isa = PBXGroup;
			children = (
				574293922BAA302A0047EBB1 /* Helper */,
				574293832BAA1EDA0047EBB1 /* Resources */,
				574293822BAA1ED30047EBB1 /* Services */,
				574293812BAA1ECF0047EBB1 /* Models */,
				574293802BAA1ECB0047EBB1 /* ViewModels */,
				5742937F2BAA1EC10047EBB1 /* Views */,
				574293582BAA1E260047EBB1 /* Assets.xcassets */,
				5742935D2BAA1E260047EBB1 /* Info.plist */,
			);
			path = SearchFromAListOfCountries;
			sourceTree = "<group>";
		};
		574293652BAA1E260047EBB1 /* SearchFromAListOfCountriesTests */ = {
			isa = PBXGroup;
			children = (
				574293662BAA1E260047EBB1 /* SearchFromAListOfCountriesTests.swift */,
			);
			path = SearchFromAListOfCountriesTests;
			sourceTree = "<group>";
		};
		5742936F2BAA1E260047EBB1 /* SearchFromAListOfCountriesUITests */ = {
			isa = PBXGroup;
			children = (
				574293702BAA1E260047EBB1 /* SearchFromAListOfCountriesUITests.swift */,
				574293722BAA1E260047EBB1 /* SearchFromAListOfCountriesUITestsLaunchTests.swift */,
			);
			path = SearchFromAListOfCountriesUITests;
			sourceTree = "<group>";
		};
		5742937F2BAA1EC10047EBB1 /* Views */ = {
			isa = PBXGroup;
			children = (
				574293842BAA1F590047EBB1 /* CountriesViewController.swift */,
				574293902BAA2F370047EBB1 /* CountryViewCell.swift */,
			);
			path = Views;
			sourceTree = "<group>";
		};
		574293802BAA1ECB0047EBB1 /* ViewModels */ = {
			isa = PBXGroup;
			children = (
				5742938E2BAA24D10047EBB1 /* CountriesViewModel.swift */,
			);
			path = ViewModels;
			sourceTree = "<group>";
		};
		574293812BAA1ECF0047EBB1 /* Models */ = {
			isa = PBXGroup;
			children = (
				574293862BAA20820047EBB1 /* Country.swift */,
			);
			path = Models;
			sourceTree = "<group>";
		};
		574293822BAA1ED30047EBB1 /* Services */ = {
			isa = PBXGroup;
			children = (
				574293882BAA21050047EBB1 /* Environment.swift */,
				5742938C2BAA22020047EBB1 /* NetworkError.swift */,
				5742938A2BAA21100047EBB1 /* NetworkManager.swift */,
			);
			path = Services;
			sourceTree = "<group>";
		};
		574293832BAA1EDA0047EBB1 /* Resources */ = {
			isa = PBXGroup;
			children = (
				5742934F2BAA1E240047EBB1 /* AppDelegate.swift */,
				574293512BAA1E240047EBB1 /* SceneDelegate.swift */,
				5742935A2BAA1E260047EBB1 /* LaunchScreen.storyboard */,
			);
			path = Resources;
			sourceTree = "<group>";
		};
		574293922BAA302A0047EBB1 /* Helper */ = {
			isa = PBXGroup;
			children = (
				574293932BAA30360047EBB1 /* UIViewExtension.swift */,
			);
			path = Helper;
			sourceTree = "<group>";
		};
/* End PBXGroup section */

/* Begin PBXNativeTarget section */
		5742934B2BAA1E240047EBB1 /* WalmartCountries */ = {
			isa = PBXNativeTarget;
			buildConfigurationList = 574293762BAA1E260047EBB1 /* Build configuration list for PBXNativeTarget "WalmartCountries" */;
			buildPhases = (
				574293482BAA1E240047EBB1 /* Sources */,
				574293492BAA1E240047EBB1 /* Frameworks */,
				5742934A2BAA1E240047EBB1 /* Resources */,
			);
			buildRules = (
			);
			dependencies = (
			);
			name = WalmartCountries;
			productName = WalmartCountries;
			productReference = 5742934C2BAA1E240047EBB1 /* WalmartCountries.app */;
			productType = "com.apple.product-type.application";
		};
		574293612BAA1E260047EBB1 /* WalmartCountriesTests */ = {
			isa = PBXNativeTarget;
			buildConfigurationList = 574293792BAA1E260047EBB1 /* Build configuration list for PBXNativeTarget "WalmartCountriesTests" */;
			buildPhases = (
				5742935E2BAA1E260047EBB1 /* Sources */,
				5742935F2BAA1E260047EBB1 /* Frameworks */,
				574293602BAA1E260047EBB1 /* Resources */,
			);
			buildRules = (
			);
			dependencies = (
				574293642BAA1E260047EBB1 /* PBXTargetDependency */,
			);
			name = WalmartCountriesTests;
			productName = WalmartCountriesTests;
			productReference = 574293622BAA1E260047EBB1 /* WalmartCountriesTests.xctest */;
			productType = "com.apple.product-type.bundle.unit-test";
		};
		5742936B2BAA1E260047EBB1 /* WalmartCountriesUITests */ = {
			isa = PBXNativeTarget;
			buildConfigurationList = 5742937C2BAA1E260047EBB1 /* Build configuration list for PBXNativeTarget "WalmartCountriesUITests" */;
			buildPhases = (
				574293682BAA1E260047EBB1 /* Sources */,
				574293692BAA1E260047EBB1 /* Frameworks */,
				5742936A2BAA1E260047EBB1 /* Resources */,
			);
			buildRules = (
			);
			dependencies = (
				5742936E2BAA1E260047EBB1 /* PBXTargetDependency */,
			);
			name = WalmartCountriesUITests;
			productName = WalmartCountriesUITests;
			productReference = 5742936C2BAA1E260047EBB1 /* WalmartCountriesUITests.xctest */;
			productType = "com.apple.product-type.bundle.ui-testing";
		};
/* End PBXNativeTarget section */

/* Begin PBXProject section */
		574293442BAA1E240047EBB1 /* Project object */ = {
			isa = PBXProject;
			attributes = {
				BuildIndependentTargetsInParallel = 1;
				LastSwiftUpdateCheck = 1500;
				LastUpgradeCheck = 1500;
				TargetAttributes = {
					5742934B2BAA1E240047EBB1 = {
						CreatedOnToolsVersion = 15.0.1;
					};
					574293612BAA1E260047EBB1 = {
						CreatedOnToolsVersion = 15.0.1;
						TestTargetID = 5742934B2BAA1E240047EBB1;
					};
					5742936B2BAA1E260047EBB1 = {
						CreatedOnToolsVersion = 15.0.1;
						TestTargetID = 5742934B2BAA1E240047EBB1;
					};
				};
			};
			buildConfigurationList = 574293472BAA1E240047EBB1 /* Build configuration list for PBXProject "SearchFromAListOfCountries" */;
			compatibilityVersion = "Xcode 13.0";
			developmentRegion = en;
			hasScannedForEncodings = 0;
			knownRegions = (
				en,
				Base,
			);
			mainGroup = 574293432BAA1E240047EBB1;
			productRefGroup = 5742934D2BAA1E240047EBB1 /* Products */;
			projectDirPath = "";
			projectRoot = "";
			targets = (
				5742934B2BAA1E240047EBB1 /* WalmartCountries */,
				574293612BAA1E260047EBB1 /* WalmartCountriesTests */,
				5742936B2BAA1E260047EBB1 /* WalmartCountriesUITests */,
			);
		};
/* End PBXProject section */

/* Begin PBXResourcesBuildPhase section */
		5742934A2BAA1E240047EBB1 /* Resources */ = {
			isa = PBXResourcesBuildPhase;
			buildActionMask = 2147483647;
			files = (
				5742935C2BAA1E260047EBB1 /* LaunchScreen.storyboard in Resources */,
				574293592BAA1E260047EBB1 /* Assets.xcassets in Resources */,
			);
			runOnlyForDeploymentPostprocessing = 0;
		};
		574293602BAA1E260047EBB1 /* Resources */ = {
			isa = PBXResourcesBuildPhase;
			buildActionMask = 2147483647;
			files = (
			);
			runOnlyForDeploymentPostprocessing = 0;
		};
		5742936A2BAA1E260047EBB1 /* Resources */ = {
			isa = PBXResourcesBuildPhase;
			buildActionMask = 2147483647;
			files = (
			);
			runOnlyForDeploymentPostprocessing = 0;
		};
/* End PBXResourcesBuildPhase section */

/* Begin PBXSourcesBuildPhase section */
		574293482BAA1E240047EBB1 /* Sources */ = {
			isa = PBXSourcesBuildPhase;
			buildActionMask = 2147483647;
			files = (
				574293942BAA30360047EBB1 /* UIViewExtension.swift in Sources */,
				5742938D2BAA22020047EBB1 /* NetworkError.swift in Sources */,
				574293892BAA21050047EBB1 /* Environment.swift in Sources */,
				574293502BAA1E240047EBB1 /* AppDelegate.swift in Sources */,
				5742938F2BAA24D10047EBB1 /* CountriesViewModel.swift in Sources */,
				5742938B2BAA21100047EBB1 /* NetworkManager.swift in Sources */,
				574293912BAA2F370047EBB1 /* CountryViewCell.swift in Sources */,
				574293522BAA1E240047EBB1 /* SceneDelegate.swift in Sources */,
				574293872BAA20820047EBB1 /* Country.swift in Sources */,
				574293852BAA1F590047EBB1 /* CountriesViewController.swift in Sources */,
			);
			runOnlyForDeploymentPostprocessing = 0;
		};
		5742935E2BAA1E260047EBB1 /* Sources */ = {
			isa = PBXSourcesBuildPhase;
			buildActionMask = 2147483647;
			files = (
				574293672BAA1E260047EBB1 /* SearchFromAListOfCountriesTests.swift in Sources */,
			);
			runOnlyForDeploymentPostprocessing = 0;
		};
		574293682BAA1E260047EBB1 /* Sources */ = {
			isa = PBXSourcesBuildPhase;
			buildActionMask = 2147483647;
			files = (
				574293732BAA1E260047EBB1 /* SearchFromAListOfCountriesUITestsLaunchTests.swift in Sources */,
				574293712BAA1E260047EBB1 /* SearchFromAListOfCountriesUITests.swift in Sources */,
			);
			runOnlyForDeploymentPostprocessing = 0;
		};
/* End PBXSourcesBuildPhase section */

/* Begin PBXTargetDependency section */
		574293642BAA1E260047EBB1 /* PBXTargetDependency */ = {
			isa = PBXTargetDependency;
			target = 5742934B2BAA1E240047EBB1 /* WalmartCountries */;
			targetProxy = 574293632BAA1E260047EBB1 /* PBXContainerItemProxy */;
		};
		5742936E2BAA1E260047EBB1 /* PBXTargetDependency */ = {
			isa = PBXTargetDependency;
			target = 5742934B2BAA1E240047EBB1 /* WalmartCountries */;
			targetProxy = 5742936D2BAA1E260047EBB1 /* PBXContainerItemProxy */;
		};
/* End PBXTargetDependency section */

/* Begin PBXVariantGroup section */
		5742935A2BAA1E260047EBB1 /* LaunchScreen.storyboard */ = {
			isa = PBXVariantGroup;
			children = (
				5742935B2BAA1E260047EBB1 /* Base */,
			);
			name = LaunchScreen.storyboard;
			sourceTree = "<group>";
		};
/* End PBXVariantGroup section */

/* Begin XCBuildConfiguration section */
		574293742BAA1E260047EBB1 /* Debug */ = {
			isa = XCBuildConfiguration;
			buildSettings = {
				ALWAYS_SEARCH_USER_PATHS = NO;
				ASSETCATALOG_COMPILER_GENERATE_SWIFT_ASSET_SYMBOL_EXTENSIONS = YES;
				CLANG_ANALYZER_NONNULL = YES;
				CLANG_ANALYZER_NUMBER_OBJECT_CONVERSION = YES_AGGRESSIVE;
				CLANG_CXX_LANGUAGE_STANDARD = "gnu++20";
				CLANG_ENABLE_MODULES = YES;
				CLANG_ENABLE_OBJC_ARC = YES;
				CLANG_ENABLE_OBJC_WEAK = YES;
				CLANG_WARN_BLOCK_CAPTURE_AUTORELEASING = YES;
				CLANG_WARN_BOOL_CONVERSION = YES;
				CLANG_WARN_COMMA = YES;
				CLANG_WARN_CONSTANT_CONVERSION = YES;
				CLANG_WARN_DEPRECATED_OBJC_IMPLEMENTATIONS = YES;
				CLANG_WARN_DIRECT_OBJC_ISA_USAGE = YES_ERROR;
				CLANG_WARN_DOCUMENTATION_COMMENTS = YES;
				CLANG_WARN_EMPTY_BODY = YES;
				CLANG_WARN_ENUM_CONVERSION = YES;
				CLANG_WARN_INFINITE_RECURSION = YES;
				CLANG_WARN_INT_CONVERSION = YES;
				CLANG_WARN_NON_LITERAL_NULL_CONVERSION = YES;
				CLANG_WARN_OBJC_IMPLICIT_RETAIN_SELF = YES;
				CLANG_WARN_OBJC_LITERAL_CONVERSION = YES;
				CLANG_WARN_OBJC_ROOT_CLASS = YES_ERROR;
				CLANG_WARN_QUOTED_INCLUDE_IN_FRAMEWORK_HEADER = YES;
				CLANG_WARN_RANGE_LOOP_ANALYSIS = YES;
				CLANG_WARN_STRICT_PROTOTYPES = YES;
				CLANG_WARN_SUSPICIOUS_MOVE = YES;
				CLANG_WARN_UNGUARDED_AVAILABILITY = YES_AGGRESSIVE;
				CLANG_WARN_UNREACHABLE_CODE = YES;
				CLANG_WARN__DUPLICATE_METHOD_MATCH = YES;
				COPY_PHASE_STRIP = NO;
				DEBUG_INFORMATION_FORMAT = dwarf;
				ENABLE_STRICT_OBJC_MSGSEND = YES;
				ENABLE_TESTABILITY = YES;
				ENABLE_USER_SCRIPT_SANDBOXING = YES;
				GCC_C_LANGUAGE_STANDARD = gnu17;
				GCC_DYNAMIC_NO_PIC = NO;
				GCC_NO_COMMON_BLOCKS = YES;
				GCC_OPTIMIZATION_LEVEL = 0;
				GCC_PREPROCESSOR_DEFINITIONS = (
					"DEBUG=1",
					"$(inherited)",
				);
				GCC_WARN_64_TO_32_BIT_CONVERSION = YES;
				GCC_WARN_ABOUT_RETURN_TYPE = YES_ERROR;
				GCC_WARN_UNDECLARED_SELECTOR = YES;
				GCC_WARN_UNINITIALIZED_AUTOS = YES_AGGRESSIVE;
				GCC_WARN_UNUSED_FUNCTION = YES;
				GCC_WARN_UNUSED_VARIABLE = YES;
				IPHONEOS_DEPLOYMENT_TARGET = 15.2;
				LOCALIZATION_PREFERS_STRING_CATALOGS = YES;
				MTL_ENABLE_DEBUG_INFO = INCLUDE_SOURCE;
				MTL_FAST_MATH = YES;
				ONLY_ACTIVE_ARCH = YES;
				SDKROOT = iphoneos;
				SWIFT_ACTIVE_COMPILATION_CONDITIONS = "DEBUG $(inherited)";
				SWIFT_OPTIMIZATION_LEVEL = "-Onone";
			};
			name = Debug;
		};
		574293752BAA1E260047EBB1 /* Release */ = {
			isa = XCBuildConfiguration;
			buildSettings = {
				ALWAYS_SEARCH_USER_PATHS = NO;
				ASSETCATALOG_COMPILER_GENERATE_SWIFT_ASSET_SYMBOL_EXTENSIONS = YES;
				CLANG_ANALYZER_NONNULL = YES;
				CLANG_ANALYZER_NUMBER_OBJECT_CONVERSION = YES_AGGRESSIVE;
				CLANG_CXX_LANGUAGE_STANDARD = "gnu++20";
				CLANG_ENABLE_MODULES = YES;
				CLANG_ENABLE_OBJC_ARC = YES;
				CLANG_ENABLE_OBJC_WEAK = YES;
				CLANG_WARN_BLOCK_CAPTURE_AUTORELEASING = YES;
				CLANG_WARN_BOOL_CONVERSION = YES;
				CLANG_WARN_COMMA = YES;
				CLANG_WARN_CONSTANT_CONVERSION = YES;
				CLANG_WARN_DEPRECATED_OBJC_IMPLEMENTATIONS = YES;
				CLANG_WARN_DIRECT_OBJC_ISA_USAGE = YES_ERROR;
				CLANG_WARN_DOCUMENTATION_COMMENTS = YES;
				CLANG_WARN_EMPTY_BODY = YES;
				CLANG_WARN_ENUM_CONVERSION = YES;
				CLANG_WARN_INFINITE_RECURSION = YES;
				CLANG_WARN_INT_CONVERSION = YES;
				CLANG_WARN_NON_LITERAL_NULL_CONVERSION = YES;
				CLANG_WARN_OBJC_IMPLICIT_RETAIN_SELF = YES;
				CLANG_WARN_OBJC_LITERAL_CONVERSION = YES;
				CLANG_WARN_OBJC_ROOT_CLASS = YES_ERROR;
				CLANG_WARN_QUOTED_INCLUDE_IN_FRAMEWORK_HEADER = YES;
				CLANG_WARN_RANGE_LOOP_ANALYSIS = YES;
				CLANG_WARN_STRICT_PROTOTYPES = YES;
				CLANG_WARN_SUSPICIOUS_MOVE = YES;
				CLANG_WARN_UNGUARDED_AVAILABILITY = YES_AGGRESSIVE;
				CLANG_WARN_UNREACHABLE_CODE = YES;
				CLANG_WARN__DUPLICATE_METHOD_MATCH = YES;
				COPY_PHASE_STRIP = NO;
				DEBUG_INFORMATION_FORMAT = "dwarf-with-dsym";
				ENABLE_NS_ASSERTIONS = NO;
				ENABLE_STRICT_OBJC_MSGSEND = YES;
				ENABLE_USER_SCRIPT_SANDBOXING = YES;
				GCC_C_LANGUAGE_STANDARD = gnu17;
				GCC_NO_COMMON_BLOCKS = YES;
				GCC_WARN_64_TO_32_BIT_CONVERSION = YES;
				GCC_WARN_ABOUT_RETURN_TYPE = YES_ERROR;
				GCC_WARN_UNDECLARED_SELECTOR = YES;
				GCC_WARN_UNINITIALIZED_AUTOS = YES_AGGRESSIVE;
				GCC_WARN_UNUSED_FUNCTION = YES;
				GCC_WARN_UNUSED_VARIABLE = YES;
				IPHONEOS_DEPLOYMENT_TARGET = 15.2;
				LOCALIZATION_PREFERS_STRING_CATALOGS = YES;
				MTL_ENABLE_DEBUG_INFO = NO;
				MTL_FAST_MATH = YES;
				SDKROOT = iphoneos;
				SWIFT_COMPILATION_MODE = wholemodule;
				VALIDATE_PRODUCT = YES;
			};
			name = Release;
		};
		574293772BAA1E260047EBB1 /* Debug */ = {
			isa = XCBuildConfiguration;
			buildSettings = {
				ASSETCATALOG_COMPILER_APPICON_NAME = AppIcon;
				ASSETCATALOG_COMPILER_GLOBAL_ACCENT_COLOR_NAME = AccentColor;
				CODE_SIGN_IDENTITY = "Apple Development";
				CODE_SIGN_STYLE = Automatic;
				CURRENT_PROJECT_VERSION = 1;
				DEVELOPMENT_TEAM = "";
				GENERATE_INFOPLIST_FILE = YES;
				INFOPLIST_FILE = SearchFromAListOfCountries/Info.plist;
				INFOPLIST_KEY_UIApplicationSupportsIndirectInputEvents = YES;
				INFOPLIST_KEY_UILaunchStoryboardName = LaunchScreen;
				INFOPLIST_KEY_UIMainStoryboardFile = "";
				INFOPLIST_KEY_UISupportedInterfaceOrientations_iPad = "UIInterfaceOrientationPortrait UIInterfaceOrientationPortraitUpsideDown UIInterfaceOrientationLandscapeLeft UIInterfaceOrientationLandscapeRight";
				INFOPLIST_KEY_UISupportedInterfaceOrientations_iPhone = "UIInterfaceOrientationPortrait UIInterfaceOrientationLandscapeLeft UIInterfaceOrientationLandscapeRight";
				LD_RUNPATH_SEARCH_PATHS = (
					"$(inherited)",
					"@executable_path/Frameworks",
				);
				MARKETING_VERSION = 1.0;
				PRODUCT_BUNDLE_IDENTIFIER = rakesh.SearchFromAListOfCountries;
				PRODUCT_NAME = "$(TARGET_NAME)";
				PROVISIONING_PROFILE_SPECIFIER = "";
				SWIFT_EMIT_LOC_STRINGS = YES;
				SWIFT_VERSION = 5.0;
				TARGETED_DEVICE_FAMILY = "1,2";
			};
			name = Debug;
		};
		574293782BAA1E260047EBB1 /* Release */ = {
			isa = XCBuildConfiguration;
			buildSettings = {
				ASSETCATALOG_COMPILER_APPICON_NAME = AppIcon;
				ASSETCATALOG_COMPILER_GLOBAL_ACCENT_COLOR_NAME = AccentColor;
				CODE_SIGN_IDENTITY = "Apple Development";
				CODE_SIGN_STYLE = Automatic;
				CURRENT_PROJECT_VERSION = 1;
				DEVELOPMENT_TEAM = "";
				GENERATE_INFOPLIST_FILE = YES;
				INFOPLIST_FILE = SearchFromAListOfCountries/Info.plist;
				INFOPLIST_KEY_UIApplicationSupportsIndirectInputEvents = YES;
				INFOPLIST_KEY_UILaunchStoryboardName = LaunchScreen;
				INFOPLIST_KEY_UIMainStoryboardFile = "";
				INFOPLIST_KEY_UISupportedInterfaceOrientations_iPad = "UIInterfaceOrientationPortrait UIInterfaceOrientationPortraitUpsideDown UIInterfaceOrientationLandscapeLeft UIInterfaceOrientationLandscapeRight";
				INFOPLIST_KEY_UISupportedInterfaceOrientations_iPhone = "UIInterfaceOrientationPortrait UIInterfaceOrientationLandscapeLeft UIInterfaceOrientationLandscapeRight";
				LD_RUNPATH_SEARCH_PATHS = (
					"$(inherited)",
					"@executable_path/Frameworks",
				);
				MARKETING_VERSION = 1.0;
				PRODUCT_BUNDLE_IDENTIFIER = rakesh.SearchFromAListOfCountries;
				PRODUCT_NAME = "$(TARGET_NAME)";
				PROVISIONING_PROFILE_SPECIFIER = "";
				SWIFT_EMIT_LOC_STRINGS = YES;
				SWIFT_VERSION = 5.0;
				TARGETED_DEVICE_FAMILY = "1,2";
			};
			name = Release;
		};
		5742937A2BAA1E260047EBB1 /* Debug */ = {
			isa = XCBuildConfiguration;
			buildSettings = {
				ALWAYS_EMBED_SWIFT_STANDARD_LIBRARIES = YES;
				BUNDLE_LOADER = "$(TEST_HOST)";
				CODE_SIGN_STYLE = Automatic;
				CURRENT_PROJECT_VERSION = 1;
				GENERATE_INFOPLIST_FILE = YES;
				IPHONEOS_DEPLOYMENT_TARGET = 17.0;
				MARKETING_VERSION = 1.0;
				PRODUCT_BUNDLE_IDENTIFIER = rakesh.SearchFromAListOfCountriesTests;
				PRODUCT_NAME = "$(TARGET_NAME)";
				SWIFT_EMIT_LOC_STRINGS = NO;
				SWIFT_VERSION = 5.0;
				TARGETED_DEVICE_FAMILY = "1,2";
				TEST_HOST = "$(BUILT_PRODUCTS_DIR)/SearchFromAListOfCountries.app/$(BUNDLE_EXECUTABLE_FOLDER_PATH)/SearchFromAListOfCountries";
			};
			name = Debug;
		};
		5742937B2BAA1E260047EBB1 /* Release */ = {
			isa = XCBuildConfiguration;
			buildSettings = {
				ALWAYS_EMBED_SWIFT_STANDARD_LIBRARIES = YES;
				BUNDLE_LOADER = "$(TEST_HOST)";
				CODE_SIGN_STYLE = Automatic;
				CURRENT_PROJECT_VERSION = 1;
				GENERATE_INFOPLIST_FILE = YES;
				IPHONEOS_DEPLOYMENT_TARGET = 17.0;
				MARKETING_VERSION = 1.0;
				PRODUCT_BUNDLE_IDENTIFIER = rakesh.SearchFromAListOfCountriesTests;
				PRODUCT_NAME = "$(TARGET_NAME)";
				SWIFT_EMIT_LOC_STRINGS = NO;
				SWIFT_VERSION = 5.0;
				TARGETED_DEVICE_FAMILY = "1,2";
				TEST_HOST = "$(BUILT_PRODUCTS_DIR)/SearchFromAListOfCountries.app/$(BUNDLE_EXECUTABLE_FOLDER_PATH)/SearchFromAListOfCountries";
			};
			name = Release;
		};
		5742937D2BAA1E260047EBB1 /* Debug */ = {
			isa = XCBuildConfiguration;
			buildSettings = {
				ALWAYS_EMBED_SWIFT_STANDARD_LIBRARIES = YES;
				CODE_SIGN_STYLE = Automatic;
				CURRENT_PROJECT_VERSION = 1;
				GENERATE_INFOPLIST_FILE = YES;
				MARKETING_VERSION = 1.0;
				PRODUCT_BUNDLE_IDENTIFIER = rakesh.SearchFromAListOfCountriesUITests;
				PRODUCT_NAME = "$(TARGET_NAME)";
				SWIFT_EMIT_LOC_STRINGS = NO;
				SWIFT_VERSION = 5.0;
				TARGETED_DEVICE_FAMILY = "1,2";
				TEST_TARGET_NAME = SearchFromAListOfCountries;
			};
			name = Debug;
		};
		5742937E2BAA1E260047EBB1 /* Release */ = {
			isa = XCBuildConfiguration;
			buildSettings = {
				ALWAYS_EMBED_SWIFT_STANDARD_LIBRARIES = YES;
				CODE_SIGN_STYLE = Automatic;
				CURRENT_PROJECT_VERSION = 1;
				GENERATE_INFOPLIST_FILE = YES;
				MARKETING_VERSION = 1.0;
				PRODUCT_BUNDLE_IDENTIFIER = rakesh.SearchFromAListOfCountriesUITests;
				PRODUCT_NAME = "$(TARGET_NAME)";
				SWIFT_EMIT_LOC_STRINGS = NO;
				SWIFT_VERSION = 5.0;
				TARGETED_DEVICE_FAMILY = "1,2";
				TEST_TARGET_NAME = SearchFromAListOfCountries;
			};
			name = Release;
		};
/* End XCBuildConfiguration section */

/* Begin XCConfigurationList section */
		574293472BAA1E240047EBB1 /* Build configuration list for PBXProject "SearchFromAListOfCountries" */ = {
			isa = XCConfigurationList;
			buildConfigurations = (
				574293742BAA1E260047EBB1 /* Debug */,
				574293752BAA1E260047EBB1 /* Release */,
			);
			defaultConfigurationIsVisible = 0;
			defaultConfigurationName = Release;
		};
		574293762BAA1E260047EBB1 /* Build configuration list for PBXNativeTarget "WalmartCountries" */ = {
			isa = XCConfigurationList;
			buildConfigurations = (
				574293772BAA1E260047EBB1 /* Debug */,
				574293782BAA1E260047EBB1 /* Release */,
			);
			defaultConfigurationIsVisible = 0;
			defaultConfigurationName = Release;
		};
		574293792BAA1E260047EBB1 /* Build configuration list for PBXNativeTarget "WalmartCountriesTests" */ = {
			isa = XCConfigurationList;
			buildConfigurations = (
				5742937A2BAA1E260047EBB1 /* Debug */,
				5742937B2BAA1E260047EBB1 /* Release */,
			);
			defaultConfigurationIsVisible = 0;
			defaultConfigurationName = Release;
		};
		5742937C2BAA1E260047EBB1 /* Build configuration list for PBXNativeTarget "WalmartCountriesUITests" */ = {
			isa = XCConfigurationList;
			buildConfigurations = (
				5742937D2BAA1E260047EBB1 /* Debug */,
				5742937E2BAA1E260047EBB1 /* Release */,
			);
			defaultConfigurationIsVisible = 0;
			defaultConfigurationName = Release;
		};
/* End XCConfigurationList section */
	};
	rootObject = 574293442BAA1E240047EBB1 /* Project object */;
}
